
Microsoft Visual Studio Solution File, Format Version 12.00
# Visual Studio 15
VisualStudioVersion = 15.0.27130.2027
MinimumVisualStudioVersion = 10.0.40219.1
Project("{FAE04EC0-301F-11D3-BF4B-00C04F79EFBC}") = "CsLox", "CsLox\CsLox.csproj", "{38FF413E-D400-4DEA-8D4D-E699A38E0F74}"
EndProject
Project("{FAE04EC0-301F-11D3-BF4B-00C04F79EFBC}") = "CsLoxTests", "CsLoxTests\CsLoxTests.csproj", "{811F4362-BAA9-4DA9-9ADF-4E01DC564B60}"
EndProject
Project("{FAE04EC0-301F-11D3-BF4B-00C04F79EFBC}") = "Tools", "Tools\Tools.csproj", "{7930EE1F-DBB9-4503-964D-8FE5209F56AB}"
EndProject
Global
	GlobalSection(SolutionConfigurationPlatforms) = preSolution
		Debug|Any CPU = Debug|Any CPU
		Release|Any CPU = Release|Any CPU
	EndGlobalSection
	GlobalSection(ProjectConfigurationPlatforms) = postSolution
		{38FF413E-D400-4DEA-8D4D-E699A38E0F74}.Debug|Any CPU.ActiveCfg = Debug|Any CPU
		{38FF413E-D400-4DEA-8D4D-E699A38E0F74}.Debug|Any CPU.Build.0 = Debug|Any CPU
		{38FF413E-D400-4DEA-8D4D-E699A38E0F74}.Release|Any CPU.ActiveCfg = Release|Any CPU
		{38FF413E-D400-4DEA-8D4D-E699A38E0F74}.Release|Any CPU.Build.0 = Release|Any CPU
		{811F4362-BAA9-4DA9-9ADF-4E01DC564B60}.Debug|Any CPU.ActiveCfg = Debug|Any CPU
		{811F4362-BAA9-4DA9-9ADF-4E01DC564B60}.Debug|Any CPU.Build.0 = Debug|Any CPU
		{811F4362-BAA9-4DA9-9ADF-4E01DC564B60}.Release|Any CPU.ActiveCfg = Release|Any CPU
		{811F4362-BAA9-4DA9-9ADF-4E01DC564B60}.Release|Any CPU.Build.0 = Release|Any CPU
		{7930EE1F-DBB9-4503-964D-8FE5209F56AB}.Debug|Any CPU.ActiveCfg = Debug|Any CPU
		{7930EE1F-DBB9-4503-964D-8FE5209F56AB}.Debug|Any CPU.Build.0 = Debug|Any CPU
		{7930EE1F-DBB9-4503-964D-8FE5209F56AB}.Release|Any CPU.ActiveCfg = Release|Any CPU
		{7930EE1F-DBB9-4503-964D-8FE5209F56AB}.Release|Any CPU.Build.0 = Release|Any CPU
	EndGlobalSection
	GlobalSection(SolutionProperties) = preSolution
		HideSolutionNode = FALSE
	EndGlobalSection
	GlobalSection(ExtensibilityGlobals) = postSolution
		SolutionGuid = {418F9A12-C4F6-4497-8790-4AA302D7A60C}
	EndGlobalSection
EndGlobal
